// !$*UTF8*$!
{
	archiveVersion = 1;
	classes = {
	};
	objectVersion = 56;
	objects = {

/* Begin PBXBuildFile section */
		CEFC4CC12C94CF2E0088FC74 /* My_Family_TreeApp.swift in Sources */ = {isa = PBXBuildFile; fileRef = CEFC4CC02C94CF2E0088FC74 /* My_Family_TreeApp.swift */; };
		CEFC4CC32C94CF2E0088FC74 /* ContentView.swift in Sources */ = {isa = PBXBuildFile; fileRef = CEFC4CC22C94CF2E0088FC74 /* ContentView.swift */; };
		CEFC4CC52C94CF2E0088FC74 /* Item.swift in Sources */ = {isa = PBXBuildFile; fileRef = CEFC4CC42C94CF2E0088FC74 /* Item.swift */; };
		CEFC4CC72C94CF320088FC74 /* Assets.xcassets in Resources */ = {isa = PBXBuildFile; fileRef = CEFC4CC62C94CF320088FC74 /* Assets.xcassets */; };
		CEFC4CCB2C94CF320088FC74 /* Preview Assets.xcassets in Resources */ = {isa = PBXBuildFile; fileRef = CEFC4CCA2C94CF320088FC74 /* Preview Assets.xcassets */; };
		CEFC4CD52C94CF320088FC74 /* My_Family_TreeTests.swift in Sources */ = {isa = PBXBuildFile; fileRef = CEFC4CD42C94CF320088FC74 /* My_Family_TreeTests.swift */; };
		CEFC4CDF2C94CF320088FC74 /* My_Family_TreeUITests.swift in Sources */ = {isa = PBXBuildFile; fileRef = CEFC4CDE2C94CF320088FC74 /* My_Family_TreeUITests.swift */; };
		CEFC4CE12C94CF320088FC74 /* My_Family_TreeUITestsLaunchTests.swift in Sources */ = {isa = PBXBuildFile; fileRef = CEFC4CE02C94CF320088FC74 /* My_Family_TreeUITestsLaunchTests.swift */; };
/* End PBXBuildFile section */

/* Begin PBXContainerItemProxy section */
		CEFC4CD12C94CF320088FC74 /* PBXContainerItemProxy */ = {
			isa = PBXContainerItemProxy;
			containerPortal = CEFC4CB52C94CF2E0088FC74 /* Project object */;
			proxyType = 1;
			remoteGlobalIDString = CEFC4CBC2C94CF2E0088FC74;
			remoteInfo = "My Family Tree";
		};
		CEFC4CDB2C94CF320088FC74 /* PBXContainerItemProxy */ = {
			isa = PBXContainerItemProxy;
			containerPortal = CEFC4CB52C94CF2E0088FC74 /* Project object */;
			proxyType = 1;
			remoteGlobalIDString = CEFC4CBC2C94CF2E0088FC74;
			remoteInfo = "My Family Tree";
		};
/* End PBXContainerItemProxy section */

/* Begin PBXFileReference section */
		CEFC4CBD2C94CF2E0088FC74 /* My Family Tree.app */ = {isa = PBXFileReference; explicitFileType = wrapper.application; includeInIndex = 0; path = "My Family Tree.app"; sourceTree = BUILT_PRODUCTS_DIR; };
		CEFC4CC02C94CF2E0088FC74 /* My_Family_TreeApp.swift */ = {isa = PBXFileReference; lastKnownFileType = sourcecode.swift; path = My_Family_TreeApp.swift; sourceTree = "<group>"; };
		CEFC4CC22C94CF2E0088FC74 /* ContentView.swift */ = {isa = PBXFileReference; lastKnownFileType = sourcecode.swift; path = ContentView.swift; sourceTree = "<group>"; };
		CEFC4CC42C94CF2E0088FC74 /* Item.swift */ = {isa = PBXFileReference; lastKnownFileType = sourcecode.swift; path = Item.swift; sourceTree = "<group>"; };
		CEFC4CC62C94CF320088FC74 /* Assets.xcassets */ = {isa = PBXFileReference; lastKnownFileType = folder.assetcatalog; path = Assets.xcassets; sourceTree = "<group>"; };
		CEFC4CC82C94CF320088FC74 /* My_Family_Tree.entitlements */ = {isa = PBXFileReference; lastKnownFileType = text.plist.entitlements; path = My_Family_Tree.entitlements; sourceTree = "<group>"; };
		CEFC4CCA2C94CF320088FC74 /* Preview Assets.xcassets */ = {isa = PBXFileReference; lastKnownFileType = folder.assetcatalog; path = "Preview Assets.xcassets"; sourceTree = "<group>"; };
		CEFC4CD02C94CF320088FC74 /* My Family TreeTests.xctest */ = {isa = PBXFileReference; explicitFileType = wrapper.cfbundle; includeInIndex = 0; path = "My Family TreeTests.xctest"; sourceTree = BUILT_PRODUCTS_DIR; };
		CEFC4CD42C94CF320088FC74 /* My_Family_TreeTests.swift */ = {isa = PBXFileReference; lastKnownFileType = sourcecode.swift; path = My_Family_TreeTests.swift; sourceTree = "<group>"; };
		CEFC4CDA2C94CF320088FC74 /* My Family TreeUITests.xctest */ = {isa = PBXFileReference; explicitFileType = wrapper.cfbundle; includeInIndex = 0; path = "My Family TreeUITests.xctest"; sourceTree = BUILT_PRODUCTS_DIR; };
		CEFC4CDE2C94CF320088FC74 /* My_Family_TreeUITests.swift */ = {isa = PBXFileReference; lastKnownFileType = sourcecode.swift; path = My_Family_TreeUITests.swift; sourceTree = "<group>"; };
		CEFC4CE02C94CF320088FC74 /* My_Family_TreeUITestsLaunchTests.swift */ = {isa = PBXFileReference; lastKnownFileType = sourcecode.swift; path = My_Family_TreeUITestsLaunchTests.swift; sourceTree = "<group>"; };
/* End PBXFileReference section */

/* Begin PBXFrameworksBuildPhase section */
		CEFC4CBA2C94CF2E0088FC74 /* Frameworks */ = {
			isa = PBXFrameworksBuildPhase;
			buildActionMask = 2147483647;
			files = (
			);
			runOnlyForDeploymentPostprocessing = 0;
		};
		CEFC4CCD2C94CF320088FC74 /* Frameworks */ = {
			isa = PBXFrameworksBuildPhase;
			buildActionMask = 2147483647;
			files = (
			);
			runOnlyForDeploymentPostprocessing = 0;
		};
		CEFC4CD72C94CF320088FC74 /* Frameworks */ = {
			isa = PBXFrameworksBuildPhase;
			buildActionMask = 2147483647;
			files = (
			);
			runOnlyForDeploymentPostprocessing = 0;
		};
/* End PBXFrameworksBuildPhase section */

/* Begin PBXGroup section */
		CEFC4CB42C94CF2E0088FC74 = {
			isa = PBXGroup;
			children = (
				CEFC4CBF2C94CF2E0088FC74 /* My Family Tree */,
				CEFC4CD32C94CF320088FC74 /* My Family TreeTests */,
				CEFC4CDD2C94CF320088FC74 /* My Family TreeUITests */,
				CEFC4CBE2C94CF2E0088FC74 /* Products */,
			);
			sourceTree = "<group>";
		};
		CEFC4CBE2C94CF2E0088FC74 /* Products */ = {
			isa = PBXGroup;
			children = (
				CEFC4CBD2C94CF2E0088FC74 /* My Family Tree.app */,
				CEFC4CD02C94CF320088FC74 /* My Family TreeTests.xctest */,
				CEFC4CDA2C94CF320088FC74 /* My Family TreeUITests.xctest */,
			);
			name = Products;
			sourceTree = "<group>";
		};
		CEFC4CBF2C94CF2E0088FC74 /* My Family Tree */ = {
			isa = PBXGroup;
			children = (
				CEFC4CC02C94CF2E0088FC74 /* My_Family_TreeApp.swift */,
				CEFC4CC22C94CF2E0088FC74 /* ContentView.swift */,
				CEFC4CC42C94CF2E0088FC74 /* Item.swift */,
				CEFC4CC62C94CF320088FC74 /* Assets.xcassets */,
				CEFC4CC82C94CF320088FC74 /* My_Family_Tree.entitlements */,
				CEFC4CC92C94CF320088FC74 /* Preview Content */,
			);
			path = "My Family Tree";
			sourceTree = "<group>";
		};
		CEFC4CC92C94CF320088FC74 /* Preview Content */ = {
			isa = PBXGroup;
			children = (
				CEFC4CCA2C94CF320088FC74 /* Preview Assets.xcassets */,
			);
			path = "Preview Content";
			sourceTree = "<group>";
		};
		CEFC4CD32C94CF320088FC74 /* My Family TreeTests */ = {
			isa = PBXGroup;
			children = (
				CEFC4CD42C94CF320088FC74 /* My_Family_TreeTests.swift */,
			);
			path = "My Family TreeTests";
			sourceTree = "<group>";
		};
		CEFC4CDD2C94CF320088FC74 /* My Family TreeUITests */ = {
			isa = PBXGroup;
			children = (
				CEFC4CDE2C94CF320088FC74 /* My_Family_TreeUITests.swift */,
				CEFC4CE02C94CF320088FC74 /* My_Family_TreeUITestsLaunchTests.swift */,
			);
			path = "My Family TreeUITests";
			sourceTree = "<group>";
		};
/* End PBXGroup section */

/* Begin PBXNativeTarget section */
		CEFC4CBC2C94CF2E0088FC74 /* My Family Tree */ = {
			isa = PBXNativeTarget;
			buildConfigurationList = CEFC4CE42C94CF320088FC74 /* Build configuration list for PBXNativeTarget "My Family Tree" */;
			buildPhases = (
				CEFC4CB92C94CF2E0088FC74 /* Sources */,
				CEFC4CBA2C94CF2E0088FC74 /* Frameworks */,
				CEFC4CBB2C94CF2E0088FC74 /* Resources */,
			);
			buildRules = (
			);
			dependencies = (
			);
			name = "My Family Tree";
			productName = "My Family Tree";
			productReference = CEFC4CBD2C94CF2E0088FC74 /* My Family Tree.app */;
			productType = "com.apple.product-type.application";
		};
		CEFC4CCF2C94CF320088FC74 /* My Family TreeTests */ = {
			isa = PBXNativeTarget;
			buildConfigurationList = CEFC4CE72C94CF320088FC74 /* Build configuration list for PBXNativeTarget "My Family TreeTests" */;
			buildPhases = (
				CEFC4CCC2C94CF320088FC74 /* Sources */,
				CEFC4CCD2C94CF320088FC74 /* Frameworks */,
				CEFC4CCE2C94CF320088FC74 /* Resources */,
			);
			buildRules = (
			);
			dependencies = (
				CEFC4CD22C94CF320088FC74 /* PBXTargetDependency */,
			);
			name = "My Family TreeTests";
			productName = "My Family TreeTests";
			productReference = CEFC4CD02C94CF320088FC74 /* My Family TreeTests.xctest */;
			productType = "com.apple.product-type.bundle.unit-test";
		};
		CEFC4CD92C94CF320088FC74 /* My Family TreeUITests */ = {
			isa = PBXNativeTarget;
			buildConfigurationList = CEFC4CEA2C94CF320088FC74 /* Build configuration list for PBXNativeTarget "My Family TreeUITests" */;
			buildPhases = (
				CEFC4CD62C94CF320088FC74 /* Sources */,
				CEFC4CD72C94CF320088FC74 /* Frameworks */,
				CEFC4CD82C94CF320088FC74 /* Resources */,
			);
			buildRules = (
			);
			dependencies = (
				CEFC4CDC2C94CF320088FC74 /* PBXTargetDependency */,
			);
			name = "My Family TreeUITests";
			productName = "My Family TreeUITests";
			productReference = CEFC4CDA2C94CF320088FC74 /* My Family TreeUITests.xctest */;
			productType = "com.apple.product-type.bundle.ui-testing";
		};
/* End PBXNativeTarget section */

/* Begin PBXProject section */
		CEFC4CB52C94CF2E0088FC74 /* Project object */ = {
			isa = PBXProject;
			attributes = {
				BuildIndependentTargetsInParallel = 1;
				LastSwiftUpdateCheck = 1520;
				LastUpgradeCheck = 1520;
				TargetAttributes = {
					CEFC4CBC2C94CF2E0088FC74 = {
						CreatedOnToolsVersion = 15.2;
					};
					CEFC4CCF2C94CF320088FC74 = {
						CreatedOnToolsVersion = 15.2;
						TestTargetID = CEFC4CBC2C94CF2E0088FC74;
					};
					CEFC4CD92C94CF320088FC74 = {
						CreatedOnToolsVersion = 15.2;
						TestTargetID = CEFC4CBC2C94CF2E0088FC74;
					};
				};
			};
			buildConfigurationList = CEFC4CB82C94CF2E0088FC74 /* Build configuration list for PBXProject "My Family Tree" */;
			compatibilityVersion = "Xcode 14.0";
			developmentRegion = en;
			hasScannedForEncodings = 0;
			knownRegions = (
				en,
				Base,
			);
			mainGroup = CEFC4CB42C94CF2E0088FC74;
			productRefGroup = CEFC4CBE2C94CF2E0088FC74 /* Products */;
			projectDirPath = "";
			projectRoot = "";
			targets = (
				CEFC4CBC2C94CF2E0088FC74 /* My Family Tree */,
				CEFC4CCF2C94CF320088FC74 /* My Family TreeTests */,
				CEFC4CD92C94CF320088FC74 /* My Family TreeUITests */,
			);
		};
/* End PBXProject section */

/* Begin PBXResourcesBuildPhase section */
		CEFC4CBB2C94CF2E0088FC74 /* Resources */ = {
			isa = PBXResourcesBuildPhase;
			buildActionMask = 2147483647;
			files = (
				CEFC4CCB2C94CF320088FC74 /* Preview Assets.xcassets in Resources */,
				CEFC4CC72C94CF320088FC74 /* Assets.xcassets in Resources */,
			);
			runOnlyForDeploymentPostprocessing = 0;
		};
		CEFC4CCE2C94CF320088FC74 /* Resources */ = {
			isa = PBXResourcesBuildPhase;
			buildActionMask = 2147483647;
			files = (
			);
			runOnlyForDeploymentPostprocessing = 0;
		};
		CEFC4CD82C94CF320088FC74 /* Resources */ = {
			isa = PBXResourcesBuildPhase;
			buildActionMask = 2147483647;
			files = (
			);
			runOnlyForDeploymentPostprocessing = 0;
		};
/* End PBXResourcesBuildPhase section */

/* Begin PBXSourcesBuildPhase section */
		CEFC4CB92C94CF2E0088FC74 /* Sources */ = {
			isa = PBXSourcesBuildPhase;
			buildActionMask = 2147483647;
			files = (
				CEFC4CC32C94CF2E0088FC74 /* ContentView.swift in Sources */,
				CEFC4CC52C94CF2E0088FC74 /* Item.swift in Sources */,
				CEFC4CC12C94CF2E0088FC74 /* My_Family_TreeApp.swift in Sources */,
			);
			runOnlyForDeploymentPostprocessing = 0;
		};
		CEFC4CCC2C94CF320088FC74 /* Sources */ = {
			isa = PBXSourcesBuildPhase;
			buildActionMask = 2147483647;
			files = (
				CEFC4CD52C94CF320088FC74 /* My_Family_TreeTests.swift in Sources */,
			);
			runOnlyForDeploymentPostprocessing = 0;
		};
		CEFC4CD62C94CF320088FC74 /* Sources */ = {
			isa = PBXSourcesBuildPhase;
			buildActionMask = 2147483647;
			files = (
				CEFC4CE12C94CF320088FC74 /* My_Family_TreeUITestsLaunchTests.swift in Sources */,
				CEFC4CDF2C94CF320088FC74 /* My_Family_TreeUITests.swift in Sources */,
			);
			runOnlyForDeploymentPostprocessing = 0;
		};
/* End PBXSourcesBuildPhase section */

/* Begin PBXTargetDependency section */
		CEFC4CD22C94CF320088FC74 /* PBXTargetDependency */ = {
			isa = PBXTargetDependency;
			target = CEFC4CBC2C94CF2E0088FC74 /* My Family Tree */;
			targetProxy = CEFC4CD12C94CF320088FC74 /* PBXContainerItemProxy */;
		};
		CEFC4CDC2C94CF320088FC74 /* PBXTargetDependency */ = {
			isa = PBXTargetDependency;
			target = CEFC4CBC2C94CF2E0088FC74 /* My Family Tree */;
			targetProxy = CEFC4CDB2C94CF320088FC74 /* PBXContainerItemProxy */;
		};
/* End PBXTargetDependency section */

/* Begin XCBuildConfiguration section */
		CEFC4CE22C94CF320088FC74 /* Debug */ = {
			isa = XCBuildConfiguration;
			buildSettings = {
				ALWAYS_SEARCH_USER_PATHS = NO;
				ASSETCATALOG_COMPILER_GENERATE_SWIFT_ASSET_SYMBOL_EXTENSIONS = YES;
				CLANG_ANALYZER_NONNULL = YES;
				CLANG_ANALYZER_NUMBER_OBJECT_CONVERSION = YES_AGGRESSIVE;
				CLANG_CXX_LANGUAGE_STANDARD = "gnu++20";
				CLANG_ENABLE_MODULES = YES;
				CLANG_ENABLE_OBJC_ARC = YES;
				CLANG_ENABLE_OBJC_WEAK = YES;
				CLANG_WARN_BLOCK_CAPTURE_AUTORELEASING = YES;
				CLANG_WARN_BOOL_CONVERSION = YES;
				CLANG_WARN_COMMA = YES;
				CLANG_WARN_CONSTANT_CONVERSION = YES;
				CLANG_WARN_DEPRECATED_OBJC_IMPLEMENTATIONS = YES;
				CLANG_WARN_DIRECT_OBJC_ISA_USAGE = YES_ERROR;
				CLANG_WARN_DOCUMENTATION_COMMENTS = YES;
				CLANG_WARN_EMPTY_BODY = YES;
				CLANG_WARN_ENUM_CONVERSION = YES;
				CLANG_WARN_INFINITE_RECURSION = YES;
				CLANG_WARN_INT_CONVERSION = YES;
				CLANG_WARN_NON_LITERAL_NULL_CONVERSION = YES;
				CLANG_WARN_OBJC_IMPLICIT_RETAIN_SELF = YES;
				CLANG_WARN_OBJC_LITERAL_CONVERSION = YES;
				CLANG_WARN_OBJC_ROOT_CLASS = YES_ERROR;
				CLANG_WARN_QUOTED_INCLUDE_IN_FRAMEWORK_HEADER = YES;
				CLANG_WARN_RANGE_LOOP_ANALYSIS = YES;
				CLANG_WARN_STRICT_PROTOTYPES = YES;
				CLANG_WARN_SUSPICIOUS_MOVE = YES;
				CLANG_WARN_UNGUARDED_AVAILABILITY = YES_AGGRESSIVE;
				CLANG_WARN_UNREACHABLE_CODE = YES;
				CLANG_WARN__DUPLICATE_METHOD_MATCH = YES;
				COPY_PHASE_STRIP = NO;
				DEBUG_INFORMATION_FORMAT = dwarf;
				ENABLE_STRICT_OBJC_MSGSEND = YES;
				ENABLE_TESTABILITY = YES;
				ENABLE_USER_SCRIPT_SANDBOXING = YES;
				GCC_C_LANGUAGE_STANDARD = gnu17;
				GCC_DYNAMIC_NO_PIC = NO;
				GCC_NO_COMMON_BLOCKS = YES;
				GCC_OPTIMIZATION_LEVEL = 0;
				GCC_PREPROCESSOR_DEFINITIONS = (
					"DEBUG=1",
					"$(inherited)",
				);
				GCC_WARN_64_TO_32_BIT_CONVERSION = YES;
				GCC_WARN_ABOUT_RETURN_TYPE = YES_ERROR;
				GCC_WARN_UNDECLARED_SELECTOR = YES;
				GCC_WARN_UNINITIALIZED_AUTOS = YES_AGGRESSIVE;
				GCC_WARN_UNUSED_FUNCTION = YES;
				GCC_WARN_UNUSED_VARIABLE = YES;
				LOCALIZATION_PREFERS_STRING_CATALOGS = YES;
				MTL_ENABLE_DEBUG_INFO = INCLUDE_SOURCE;
				MTL_FAST_MATH = YES;
				ONLY_ACTIVE_ARCH = YES;
				SWIFT_ACTIVE_COMPILATION_CONDITIONS = "DEBUG $(inherited)";
				SWIFT_OPTIMIZATION_LEVEL = "-Onone";
			};
			name = Debug;
		};
		CEFC4CE32C94CF320088FC74 /* Release */ = {
			isa = XCBuildConfiguration;
			buildSettings = {
				ALWAYS_SEARCH_USER_PATHS = NO;
				ASSETCATALOG_COMPILER_GENERATE_SWIFT_ASSET_SYMBOL_EXTENSIONS = YES;
				CLANG_ANALYZER_NONNULL = YES;
				CLANG_ANALYZER_NUMBER_OBJECT_CONVERSION = YES_AGGRESSIVE;
				CLANG_CXX_LANGUAGE_STANDARD = "gnu++20";
				CLANG_ENABLE_MODULES = YES;
				CLANG_ENABLE_OBJC_ARC = YES;
				CLANG_ENABLE_OBJC_WEAK = YES;
				CLANG_WARN_BLOCK_CAPTURE_AUTORELEASING = YES;
				CLANG_WARN_BOOL_CONVERSION = YES;
				CLANG_WARN_COMMA = YES;
				CLANG_WARN_CONSTANT_CONVERSION = YES;
				CLANG_WARN_DEPRECATED_OBJC_IMPLEMENTATIONS = YES;
				CLANG_WARN_DIRECT_OBJC_ISA_USAGE = YES_ERROR;
				CLANG_WARN_DOCUMENTATION_COMMENTS = YES;
				CLANG_WARN_EMPTY_BODY = YES;
				CLANG_WARN_ENUM_CONVERSION = YES;
				CLANG_WARN_INFINITE_RECURSION = YES;
				CLANG_WARN_INT_CONVERSION = YES;
				CLANG_WARN_NON_LITERAL_NULL_CONVERSION = YES;
				CLANG_WARN_OBJC_IMPLICIT_RETAIN_SELF = YES;
				CLANG_WARN_OBJC_LITERAL_CONVERSION = YES;
				CLANG_WARN_OBJC_ROOT_CLASS = YES_ERROR;
				CLANG_WARN_QUOTED_INCLUDE_IN_FRAMEWORK_HEADER = YES;
				CLANG_WARN_RANGE_LOOP_ANALYSIS = YES;
				CLANG_WARN_STRICT_PROTOTYPES = YES;
				CLANG_WARN_SUSPICIOUS_MOVE = YES;
				CLANG_WARN_UNGUARDED_AVAILABILITY = YES_AGGRESSIVE;
				CLANG_WARN_UNREACHABLE_CODE = YES;
				CLANG_WARN__DUPLICATE_METHOD_MATCH = YES;
				COPY_PHASE_STRIP = NO;
				DEBUG_INFORMATION_FORMAT = "dwarf-with-dsym";
				ENABLE_NS_ASSERTIONS = NO;
				ENABLE_STRICT_OBJC_MSGSEND = YES;
				ENABLE_USER_SCRIPT_SANDBOXING = YES;
				GCC_C_LANGUAGE_STANDARD = gnu17;
				GCC_NO_COMMON_BLOCKS = YES;
				GCC_WARN_64_TO_32_BIT_CONVERSION = YES;
				GCC_WARN_ABOUT_RETURN_TYPE = YES_ERROR;
				GCC_WARN_UNDECLARED_SELECTOR = YES;
				GCC_WARN_UNINITIALIZED_AUTOS = YES_AGGRESSIVE;
				GCC_WARN_UNUSED_FUNCTION = YES;
				GCC_WARN_UNUSED_VARIABLE = YES;
				LOCALIZATION_PREFERS_STRING_CATALOGS = YES;
				MTL_ENABLE_DEBUG_INFO = NO;
				MTL_FAST_MATH = YES;
				SWIFT_COMPILATION_MODE = wholemodule;
			};
			name = Release;
		};
		CEFC4CE52C94CF320088FC74 /* Debug */ = {
			isa = XCBuildConfiguration;
			buildSettings = {
				ASSETCATALOG_COMPILER_APPICON_NAME = AppIcon;
				ASSETCATALOG_COMPILER_GLOBAL_ACCENT_COLOR_NAME = AccentColor;
				CODE_SIGN_ENTITLEMENTS = "My Family Tree/My_Family_Tree.entitlements";
				CODE_SIGN_STYLE = Automatic;
				CURRENT_PROJECT_VERSION = 1;
				DEVELOPMENT_ASSET_PATHS = "\"My Family Tree/Preview Content\"";
				DEVELOPMENT_TEAM = HCCYN7YV9J;
				ENABLE_HARDENED_RUNTIME = YES;
				ENABLE_PREVIEWS = YES;
				GENERATE_INFOPLIST_FILE = YES;
				"INFOPLIST_KEY_UIApplicationSceneManifest_Generation[sdk=iphoneos*]" = YES;
				"INFOPLIST_KEY_UIApplicationSceneManifest_Generation[sdk=iphonesimulator*]" = YES;
				"INFOPLIST_KEY_UIApplicationSupportsIndirectInputEvents[sdk=iphoneos*]" = YES;
				"INFOPLIST_KEY_UIApplicationSupportsIndirectInputEvents[sdk=iphonesimulator*]" = YES;
				"INFOPLIST_KEY_UILaunchScreen_Generation[sdk=iphoneos*]" = YES;
				"INFOPLIST_KEY_UILaunchScreen_Generation[sdk=iphonesimulator*]" = YES;
				"INFOPLIST_KEY_UIStatusBarStyle[sdk=iphoneos*]" = UIStatusBarStyleDefault;
				"INFOPLIST_KEY_UIStatusBarStyle[sdk=iphonesimulator*]" = UIStatusBarStyleDefault;
				INFOPLIST_KEY_UISupportedInterfaceOrientations_iPad = "UIInterfaceOrientationPortrait UIInterfaceOrientationPortraitUpsideDown UIInterfaceOrientationLandscapeLeft UIInterfaceOrientationLandscapeRight";
				INFOPLIST_KEY_UISupportedInterfaceOrientations_iPhone = "UIInterfaceOrientationPortrait UIInterfaceOrientationLandscapeLeft UIInterfaceOrientationLandscapeRight";
				IPHONEOS_DEPLOYMENT_TARGET = 17.2;
				LD_RUNPATH_SEARCH_PATHS = "@executable_path/Frameworks";
				"LD_RUNPATH_SEARCH_PATHS[sdk=macosx*]" = "@executable_path/../Frameworks";
				MACOSX_DEPLOYMENT_TARGET = 14.0;
				MARKETING_VERSION = 1.0;
				PRODUCT_BUNDLE_IDENTIFIER = "familytree.My-Family-Tree";
				PRODUCT_NAME = "$(TARGET_NAME)";
				SDKROOT = auto;
				SUPPORTED_PLATFORMS = "iphoneos iphonesimulator macosx";
				SWIFT_EMIT_LOC_STRINGS = YES;
				SWIFT_VERSION = 5.0;
				TARGETED_DEVICE_FAMILY = "1,2";
			};
			name = Debug;
		};
		CEFC4CE62C94CF320088FC74 /* Release */ = {
			isa = XCBuildConfiguration;
			buildSettings = {
				ASSETCATALOG_COMPILER_APPICON_NAME = AppIcon;
				ASSETCATALOG_COMPILER_GLOBAL_ACCENT_COLOR_NAME = AccentColor;
				CODE_SIGN_ENTITLEMENTS = "My Family Tree/My_Family_Tree.entitlements";
				CODE_SIGN_STYLE = Automatic;
				CURRENT_PROJECT_VERSION = 1;
				DEVELOPMENT_ASSET_PATHS = "\"My Family Tree/Preview Content\"";
				DEVELOPMENT_TEAM = HCCYN7YV9J;
				ENABLE_HARDENED_RUNTIME = YES;
				ENABLE_PREVIEWS = YES;
				GENERATE_INFOPLIST_FILE = YES;
				"INFOPLIST_KEY_UIApplicationSceneManifest_Generation[sdk=iphoneos*]" = YES;
				"INFOPLIST_KEY_UIApplicationSceneManifest_Generation[sdk=iphonesimulator*]" = YES;
				"INFOPLIST_KEY_UIApplicationSupportsIndirectInputEvents[sdk=iphoneos*]" = YES;
				"INFOPLIST_KEY_UIApplicationSupportsIndirectInputEvents[sdk=iphonesimulator*]" = YES;
				"INFOPLIST_KEY_UILaunchScreen_Generation[sdk=iphoneos*]" = YES;
				"INFOPLIST_KEY_UILaunchScreen_Generation[sdk=iphonesimulator*]" = YES;
				"INFOPLIST_KEY_UIStatusBarStyle[sdk=iphoneos*]" = UIStatusBarStyleDefault;
				"INFOPLIST_KEY_UIStatusBarStyle[sdk=iphonesimulator*]" = UIStatusBarStyleDefault;
				INFOPLIST_KEY_UISupportedInterfaceOrientations_iPad = "UIInterfaceOrientationPortrait UIInterfaceOrientationPortraitUpsideDown UIInterfaceOrientationLandscapeLeft UIInterfaceOrientationLandscapeRight";
				INFOPLIST_KEY_UISupportedInterfaceOrientations_iPhone = "UIInterfaceOrientationPortrait UIInterfaceOrientationLandscapeLeft UIInterfaceOrientationLandscapeRight";
				IPHONEOS_DEPLOYMENT_TARGET = 17.2;
				LD_RUNPATH_SEARCH_PATHS = "@executable_path/Frameworks";
				"LD_RUNPATH_SEARCH_PATHS[sdk=macosx*]" = "@executable_path/../Frameworks";
				MACOSX_DEPLOYMENT_TARGET = 14.0;
				MARKETING_VERSION = 1.0;
				PRODUCT_BUNDLE_IDENTIFIER = "familytree.My-Family-Tree";
				PRODUCT_NAME = "$(TARGET_NAME)";
				SDKROOT = auto;
				SUPPORTED_PLATFORMS = "iphoneos iphonesimulator macosx";
				SWIFT_EMIT_LOC_STRINGS = YES;
				SWIFT_VERSION = 5.0;
				TARGETED_DEVICE_FAMILY = "1,2";
			};
			name = Release;
		};
		CEFC4CE82C94CF320088FC74 /* Debug */ = {
			isa = XCBuildConfiguration;
			buildSettings = {
				ALWAYS_EMBED_SWIFT_STANDARD_LIBRARIES = YES;
				BUNDLE_LOADER = "$(TEST_HOST)";
				CODE_SIGN_STYLE = Automatic;
				CURRENT_PROJECT_VERSION = 1;
				DEVELOPMENT_TEAM = HCCYN7YV9J;
				GENERATE_INFOPLIST_FILE = YES;
				IPHONEOS_DEPLOYMENT_TARGET = 17.2;
				MACOSX_DEPLOYMENT_TARGET = 13.6;
				MARKETING_VERSION = 1.0;
				PRODUCT_BUNDLE_IDENTIFIER = "familytree.My-Family-TreeTests";
				PRODUCT_NAME = "$(TARGET_NAME)";
				SDKROOT = auto;
				SUPPORTED_PLATFORMS = "iphoneos iphonesimulator macosx";
				SWIFT_EMIT_LOC_STRINGS = NO;
				SWIFT_VERSION = 5.0;
				TARGETED_DEVICE_FAMILY = "1,2";
				TEST_HOST = "$(BUILT_PRODUCTS_DIR)/My Family Tree.app/$(BUNDLE_EXECUTABLE_FOLDER_PATH)/My Family Tree";
			};
			name = Debug;
		};
		CEFC4CE92C94CF320088FC74 /* Release */ = {
			isa = XCBuildConfiguration;
			buildSettings = {
				ALWAYS_EMBED_SWIFT_STANDARD_LIBRARIES = YES;
				BUNDLE_LOADER = "$(TEST_HOST)";
				CODE_SIGN_STYLE = Automatic;
				CURRENT_PROJECT_VERSION = 1;
				DEVELOPMENT_TEAM = HCCYN7YV9J;
				GENERATE_INFOPLIST_FILE = YES;
				IPHONEOS_DEPLOYMENT_TARGET = 17.2;
				MACOSX_DEPLOYMENT_TARGET = 13.6;
				MARKETING_VERSION = 1.0;
				PRODUCT_BUNDLE_IDENTIFIER = "familytree.My-Family-TreeTests";
				PRODUCT_NAME = "$(TARGET_NAME)";
				SDKROOT = auto;
				SUPPORTED_PLATFORMS = "iphoneos iphonesimulator macosx";
				SWIFT_EMIT_LOC_STRINGS = NO;
				SWIFT_VERSION = 5.0;
				TARGETED_DEVICE_FAMILY = "1,2";
				TEST_HOST = "$(BUILT_PRODUCTS_DIR)/My Family Tree.app/$(BUNDLE_EXECUTABLE_FOLDER_PATH)/My Family Tree";
			};
			name = Release;
		};
		CEFC4CEB2C94CF320088FC74 /* Debug */ = {
			isa = XCBuildConfiguration;
			buildSettings = {
				ALWAYS_EMBED_SWIFT_STANDARD_LIBRARIES = YES;
				CODE_SIGN_STYLE = Automatic;
				CURRENT_PROJECT_VERSION = 1;
				DEVELOPMENT_TEAM = HCCYN7YV9J;
				GENERATE_INFOPLIST_FILE = YES;
				IPHONEOS_DEPLOYMENT_TARGET = 17.2;
				MACOSX_DEPLOYMENT_TARGET = 13.6;
				MARKETING_VERSION = 1.0;
				PRODUCT_BUNDLE_IDENTIFIER = "familytree.My-Family-TreeUITests";
				PRODUCT_NAME = "$(TARGET_NAME)";
				SDKROOT = auto;
				SUPPORTED_PLATFORMS = "iphoneos iphonesimulator macosx";
				SWIFT_EMIT_LOC_STRINGS = NO;
				SWIFT_VERSION = 5.0;
				TARGETED_DEVICE_FAMILY = "1,2";
				TEST_TARGET_NAME = "My Family Tree";
			};
			name = Debug;
		};
		CEFC4CEC2C94CF320088FC74 /* Release */ = {
			isa = XCBuildConfiguration;
			buildSettings = {
				ALWAYS_EMBED_SWIFT_STANDARD_LIBRARIES = YES;
				CODE_SIGN_STYLE = Automatic;
				CURRENT_PROJECT_VERSION = 1;
				DEVELOPMENT_TEAM = HCCYN7YV9J;
				GENERATE_INFOPLIST_FILE = YES;
				IPHONEOS_DEPLOYMENT_TARGET = 17.2;
				MACOSX_DEPLOYMENT_TARGET = 13.6;
				MARKETING_VERSION = 1.0;
				PRODUCT_BUNDLE_IDENTIFIER = "familytree.My-Family-TreeUITests";
				PRODUCT_NAME = "$(TARGET_NAME)";
				SDKROOT = auto;
				SUPPORTED_PLATFORMS = "iphoneos iphonesimulator macosx";
				SWIFT_EMIT_LOC_STRINGS = NO;
				SWIFT_VERSION = 5.0;
				TARGETED_DEVICE_FAMILY = "1,2";
				TEST_TARGET_NAME = "My Family Tree";
			};
			name = Release;
		};
/* End XCBuildConfiguration section */

/* Begin XCConfigurationList section */
		CEFC4CB82C94CF2E0088FC74 /* Build configuration list for PBXProject "My Family Tree" */ = {
			isa = XCConfigurationList;
			buildConfigurations = (
				CEFC4CE22C94CF320088FC74 /* Debug */,
				CEFC4CE32C94CF320088FC74 /* Release */,
			);
			defaultConfigurationIsVisible = 0;
			defaultConfigurationName = Release;
		};
		CEFC4CE42C94CF320088FC74 /* Build configuration list for PBXNativeTarget "My Family Tree" */ = {
			isa = XCConfigurationList;
			buildConfigurations = (
				CEFC4CE52C94CF320088FC74 /* Debug */,
				CEFC4CE62C94CF320088FC74 /* Release */,
			);
			defaultConfigurationIsVisible = 0;
			defaultConfigurationName = Release;
		};
		CEFC4CE72C94CF320088FC74 /* Build configuration list for PBXNativeTarget "My Family TreeTests" */ = {
			isa = XCConfigurationList;
			buildConfigurations = (
				CEFC4CE82C94CF320088FC74 /* Debug */,
				CEFC4CE92C94CF320088FC74 /* Release */,
			);
			defaultConfigurationIsVisible = 0;
			defaultConfigurationName = Release;
		};
		CEFC4CEA2C94CF320088FC74 /* Build configuration list for PBXNativeTarget "My Family TreeUITests" */ = {
			isa = XCConfigurationList;
			buildConfigurations = (
				CEFC4CEB2C94CF320088FC74 /* Debug */,
				CEFC4CEC2C94CF320088FC74 /* Release */,
			);
			defaultConfigurationIsVisible = 0;
			defaultConfigurationName = Release;
		};
/* End XCConfigurationList section */
	};
	rootObject = CEFC4CB52C94CF2E0088FC74 /* Project object */;
}
